PODS:
  - R.swift (7.3.0)
  - SwiftLint (0.47.1)

DEPENDENCIES:
  - R.swift (~> 7.3.0)
  - SwiftLint

SPEC REPOS:
  trunk:
    - R.swift
    - SwiftLint

SPEC CHECKSUMS:
  R.swift: cef1c530541cb49412752721797f10dae6b32d11
  SwiftLint: f80f1be7fa96d30e0aa68e58d45d4ea1ccaac519

PODFILE CHECKSUM: 14a56c3c57bbcee416eddb9b210515d74c2b557b

COCOAPODS: 1.11.3
