PODS:
  - R.swift (7.2.4)
  - SwiftLint (0.47.1)

DEPENDENCIES:
  - R.swift (~> 7.2.0)
  - SwiftLint

SPEC REPOS:
  trunk:
    - R.swift
    - SwiftLint

SPEC CHECKSUMS:
  R.swift: 681bb9135f482e7a81d9d27445b837fef5467e11
  SwiftLint: f80f1be7fa96d30e0aa68e58d45d4ea1ccaac519

PODFILE CHECKSUM: 17eb50e1e1e51213b757e9576b8f789401af88b3

COCOAPODS: 1.11.3
