// !$*UTF8*$!
{
	archiveVersion = 1;
	classes = {
	};
	objectVersion = 54;
	objects = {

/* Begin PBXBuildFile section */
		7C7DEF09C72C23A69D9288A1 /* Pods_OCHITSUKI.framework in Frameworks */ = {isa = PBXBuildFile; fileRef = A3CDA91A3A96DEF03F5B397A /* Pods_OCHITSUKI.framework */; };
		E406D12D2C3928EE00733406 /* CalendarView.swift in Sources */ = {isa = PBXBuildFile; fileRef = E406D12C2C3928EE00733406 /* CalendarView.swift */; };
		E406D13C2C3963C200733406 /* CalendarViewModel.swift in Sources */ = {isa = PBXBuildFile; fileRef = E406D13B2C3963C200733406 /* CalendarViewModel.swift */; };
		E406D13E2C396DDA00733406 /* HomeView.swift in Sources */ = {isa = PBXBuildFile; fileRef = E406D13D2C396DDA00733406 /* HomeView.swift */; };
		E406D1432C39739500733406 /* ListView.swift in Sources */ = {isa = PBXBuildFile; fileRef = E406D1422C39739500733406 /* ListView.swift */; };
		E406D1462C39740500733406 /* AdBannerView.swift in Sources */ = {isa = PBXBuildFile; fileRef = E406D1452C39740500733406 /* AdBannerView.swift */; };
		E406D1482C39869900733406 /* AddView.swift in Sources */ = {isa = PBXBuildFile; fileRef = E406D1472C39869900733406 /* AddView.swift */; };
		E406D14A2C39871500733406 /* ListViewModel.swift in Sources */ = {isa = PBXBuildFile; fileRef = E406D1492C39871500733406 /* ListViewModel.swift */; };
		E406D14C2C3A08D700733406 /* ModelContext.swift in Sources */ = {isa = PBXBuildFile; fileRef = E406D14B2C3A08D700733406 /* ModelContext.swift */; };
		E406D14E2C3A09B000733406 /* SalesRecord.swift in Sources */ = {isa = PBXBuildFile; fileRef = E406D14D2C3A09B000733406 /* SalesRecord.swift */; };
		E406D1502C3A0B7100733406 /* CategoryColor.swift in Sources */ = {isa = PBXBuildFile; fileRef = E406D14F2C3A0B7100733406 /* CategoryColor.swift */; };
		E406D1522C3A0C2C00733406 /* SalesStatus.swift in Sources */ = {isa = PBXBuildFile; fileRef = E406D1512C3A0C2C00733406 /* SalesStatus.swift */; };
		E406D1552C3A481B00733406 /* SettingView.swift in Sources */ = {isa = PBXBuildFile; fileRef = E406D1542C3A481B00733406 /* SettingView.swift */; };
		E406D1572C3A488200733406 /* AppViewModel.swift in Sources */ = {isa = PBXBuildFile; fileRef = E406D1562C3A488200733406 /* AppViewModel.swift */; };
		E406D1592C3ACBCF00733406 /* MainView.swift in Sources */ = {isa = PBXBuildFile; fileRef = E406D1582C3ACBCF00733406 /* MainView.swift */; };
		E41F621C2C45775900EA93AB /* NumberCommasExtension.swift in Sources */ = {isa = PBXBuildFile; fileRef = E41F621B2C45775900EA93AB /* NumberCommasExtension.swift */; };
		E41F62282C4D5E0200EA93AB /* InfoPlist.xcstrings in Resources */ = {isa = PBXBuildFile; fileRef = E41F62272C4D5E0200EA93AB /* InfoPlist.xcstrings */; };
		E41F622A2C4D60ED00EA93AB /* Localizable.xcstrings in Resources */ = {isa = PBXBuildFile; fileRef = E41F62292C4D60ED00EA93AB /* Localizable.xcstrings */; };
		E420FC47275B4F88003B3A76 /* OchitsukiDataManager.swift in Sources */ = {isa = PBXBuildFile; fileRef = E420FC46275B4F88003B3A76 /* OchitsukiDataManager.swift */; };
		E46204852A8E6E7C004CA358 /* GoogleService-Info.plist in Resources */ = {isa = PBXBuildFile; fileRef = E46204842A8E6E7C004CA358 /* GoogleService-Info.plist */; };
		E4737AEC252446EA0019F202 /* Assets.xcassets in Resources */ = {isa = PBXBuildFile; fileRef = E4737AEB252446EA0019F202 /* Assets.xcassets */; };
		E48BB09A274FA3AE001A30A9 /* SettingConst.swift in Sources */ = {isa = PBXBuildFile; fileRef = E48BB099274FA3AE001A30A9 /* SettingConst.swift */; };
		E49C3274274A4B7100A04FB3 /* OchitsukiDataModel.swift in Sources */ = {isa = PBXBuildFile; fileRef = E49C3273274A4B7100A04FB3 /* OchitsukiDataModel.swift */; };
		E4E66DBE2525A34C001862A6 /* ProjectDataModel.swift in Sources */ = {isa = PBXBuildFile; fileRef = E4E66DBD2525A34C001862A6 /* ProjectDataModel.swift */; };
		E4E66DC22525A5D2001862A6 /* DataRecordModel.swift in Sources */ = {isa = PBXBuildFile; fileRef = E4E66DC12525A5D2001862A6 /* DataRecordModel.swift */; };
		E4FF23622750F9E1001E3243 /* UIViewContorllerExtension.swift in Sources */ = {isa = PBXBuildFile; fileRef = E4FF23612750F9E1001E3243 /* UIViewContorllerExtension.swift */; };
		E4FF23642750FDE7001E3243 /* BaseViewController.swift in Sources */ = {isa = PBXBuildFile; fileRef = E4FF23632750FDE7001E3243 /* BaseViewController.swift */; };
		E4FF236627510606001E3243 /* InfoAlertView.swift in Sources */ = {isa = PBXBuildFile; fileRef = E4FF236527510606001E3243 /* InfoAlertView.swift */; };
		E4FF23682751067F001E3243 /* UIAlertControllerExtension.swift.swift in Sources */ = {isa = PBXBuildFile; fileRef = E4FF23672751067F001E3243 /* UIAlertControllerExtension.swift.swift */; };
/* End PBXBuildFile section */

/* Begin PBXFileReference section */
		229AEA2376993CFD90878591 /* Pods_OCHITSUKITests.framework */ = {isa = PBXFileReference; explicitFileType = wrapper.framework; includeInIndex = 0; path = Pods_OCHITSUKITests.framework; sourceTree = BUILT_PRODUCTS_DIR; };
		51D0EBB19E3980CB7701C3CA /* Pods-OCHITSUKITests.release.xcconfig */ = {isa = PBXFileReference; includeInIndex = 1; lastKnownFileType = text.xcconfig; name = "Pods-OCHITSUKITests.release.xcconfig"; path = "Target Support Files/Pods-OCHITSUKITests/Pods-OCHITSUKITests.release.xcconfig"; sourceTree = "<group>"; };
		81CE61280EE58E85AD292842 /* Pods-OCHITSUKI.release.xcconfig */ = {isa = PBXFileReference; includeInIndex = 1; lastKnownFileType = text.xcconfig; name = "Pods-OCHITSUKI.release.xcconfig"; path = "Target Support Files/Pods-OCHITSUKI/Pods-OCHITSUKI.release.xcconfig"; sourceTree = "<group>"; };
		A3CDA91A3A96DEF03F5B397A /* Pods_OCHITSUKI.framework */ = {isa = PBXFileReference; explicitFileType = wrapper.framework; includeInIndex = 0; path = Pods_OCHITSUKI.framework; sourceTree = BUILT_PRODUCTS_DIR; };
		A6C5329B1DB6CB3C8680236F /* Pods-OCHITSUKITests.debug.xcconfig */ = {isa = PBXFileReference; includeInIndex = 1; lastKnownFileType = text.xcconfig; name = "Pods-OCHITSUKITests.debug.xcconfig"; path = "Target Support Files/Pods-OCHITSUKITests/Pods-OCHITSUKITests.debug.xcconfig"; sourceTree = "<group>"; };
		E406D12C2C3928EE00733406 /* CalendarView.swift */ = {isa = PBXFileReference; lastKnownFileType = sourcecode.swift; path = CalendarView.swift; sourceTree = "<group>"; };
		E406D13B2C3963C200733406 /* CalendarViewModel.swift */ = {isa = PBXFileReference; lastKnownFileType = sourcecode.swift; path = CalendarViewModel.swift; sourceTree = "<group>"; };
		E406D13D2C396DDA00733406 /* HomeView.swift */ = {isa = PBXFileReference; lastKnownFileType = sourcecode.swift; path = HomeView.swift; sourceTree = "<group>"; };
		E406D1422C39739500733406 /* ListView.swift */ = {isa = PBXFileReference; lastKnownFileType = sourcecode.swift; path = ListView.swift; sourceTree = "<group>"; };
		E406D1452C39740500733406 /* AdBannerView.swift */ = {isa = PBXFileReference; lastKnownFileType = sourcecode.swift; path = AdBannerView.swift; sourceTree = "<group>"; };
		E406D1472C39869900733406 /* AddView.swift */ = {isa = PBXFileReference; lastKnownFileType = sourcecode.swift; path = AddView.swift; sourceTree = "<group>"; };
		E406D1492C39871500733406 /* ListViewModel.swift */ = {isa = PBXFileReference; lastKnownFileType = sourcecode.swift; path = ListViewModel.swift; sourceTree = "<group>"; };
		E406D14B2C3A08D700733406 /* ModelContext.swift */ = {isa = PBXFileReference; lastKnownFileType = sourcecode.swift; path = ModelContext.swift; sourceTree = "<group>"; };
		E406D14D2C3A09B000733406 /* SalesRecord.swift */ = {isa = PBXFileReference; lastKnownFileType = sourcecode.swift; path = SalesRecord.swift; sourceTree = "<group>"; };
		E406D14F2C3A0B7100733406 /* CategoryColor.swift */ = {isa = PBXFileReference; lastKnownFileType = sourcecode.swift; path = CategoryColor.swift; sourceTree = "<group>"; };
		E406D1512C3A0C2C00733406 /* SalesStatus.swift */ = {isa = PBXFileReference; lastKnownFileType = sourcecode.swift; path = SalesStatus.swift; sourceTree = "<group>"; };
		E406D1542C3A481B00733406 /* SettingView.swift */ = {isa = PBXFileReference; lastKnownFileType = sourcecode.swift; path = SettingView.swift; sourceTree = "<group>"; };
		E406D1562C3A488200733406 /* AppViewModel.swift */ = {isa = PBXFileReference; lastKnownFileType = sourcecode.swift; path = AppViewModel.swift; sourceTree = "<group>"; };
		E406D1582C3ACBCF00733406 /* MainView.swift */ = {isa = PBXFileReference; lastKnownFileType = sourcecode.swift; path = MainView.swift; sourceTree = "<group>"; };
		E41F621B2C45775900EA93AB /* NumberCommasExtension.swift */ = {isa = PBXFileReference; lastKnownFileType = sourcecode.swift; path = NumberCommasExtension.swift; sourceTree = "<group>"; };
		E41F62272C4D5E0200EA93AB /* InfoPlist.xcstrings */ = {isa = PBXFileReference; lastKnownFileType = text.json.xcstrings; path = InfoPlist.xcstrings; sourceTree = "<group>"; };
		E41F62292C4D60ED00EA93AB /* Localizable.xcstrings */ = {isa = PBXFileReference; lastKnownFileType = text.json.xcstrings; path = Localizable.xcstrings; sourceTree = "<group>"; };
		E420FC46275B4F88003B3A76 /* OchitsukiDataManager.swift */ = {isa = PBXFileReference; lastKnownFileType = sourcecode.swift; path = OchitsukiDataManager.swift; sourceTree = "<group>"; };
		E46204842A8E6E7C004CA358 /* GoogleService-Info.plist */ = {isa = PBXFileReference; lastKnownFileType = text.plist; path = "GoogleService-Info.plist"; sourceTree = SOURCE_ROOT; };
		E4737ADC252446E50019F202 /* OCHITSUKI.app */ = {isa = PBXFileReference; explicitFileType = wrapper.application; includeInIndex = 0; path = OCHITSUKI.app; sourceTree = BUILT_PRODUCTS_DIR; };
		E4737AEB252446EA0019F202 /* Assets.xcassets */ = {isa = PBXFileReference; lastKnownFileType = folder.assetcatalog; path = Assets.xcassets; sourceTree = "<group>"; };
		E4737AF0252446EA0019F202 /* Info.plist */ = {isa = PBXFileReference; lastKnownFileType = text.plist.xml; path = Info.plist; sourceTree = "<group>"; };
		E48BB099274FA3AE001A30A9 /* SettingConst.swift */ = {isa = PBXFileReference; lastKnownFileType = sourcecode.swift; path = SettingConst.swift; sourceTree = "<group>"; };
		E49C3273274A4B7100A04FB3 /* OchitsukiDataModel.swift */ = {isa = PBXFileReference; lastKnownFileType = sourcecode.swift; path = OchitsukiDataModel.swift; sourceTree = "<group>"; };
		E4E66DBD2525A34C001862A6 /* ProjectDataModel.swift */ = {isa = PBXFileReference; lastKnownFileType = sourcecode.swift; path = ProjectDataModel.swift; sourceTree = "<group>"; };
		E4E66DC12525A5D2001862A6 /* DataRecordModel.swift */ = {isa = PBXFileReference; lastKnownFileType = sourcecode.swift; path = DataRecordModel.swift; sourceTree = "<group>"; };
		E4FF23612750F9E1001E3243 /* UIViewContorllerExtension.swift */ = {isa = PBXFileReference; lastKnownFileType = sourcecode.swift; path = UIViewContorllerExtension.swift; sourceTree = "<group>"; };
		E4FF23632750FDE7001E3243 /* BaseViewController.swift */ = {isa = PBXFileReference; lastKnownFileType = sourcecode.swift; path = BaseViewController.swift; sourceTree = "<group>"; };
		E4FF236527510606001E3243 /* InfoAlertView.swift */ = {isa = PBXFileReference; lastKnownFileType = sourcecode.swift; path = InfoAlertView.swift; sourceTree = "<group>"; };
		E4FF23672751067F001E3243 /* UIAlertControllerExtension.swift.swift */ = {isa = PBXFileReference; lastKnownFileType = sourcecode.swift; path = UIAlertControllerExtension.swift.swift; sourceTree = "<group>"; };
		E60057BED9F4E13965EF8C01 /* Pods-OCHITSUKI.debug.xcconfig */ = {isa = PBXFileReference; includeInIndex = 1; lastKnownFileType = text.xcconfig; name = "Pods-OCHITSUKI.debug.xcconfig"; path = "Target Support Files/Pods-OCHITSUKI/Pods-OCHITSUKI.debug.xcconfig"; sourceTree = "<group>"; };
/* End PBXFileReference section */

/* Begin PBXFrameworksBuildPhase section */
		E4737AD9252446E50019F202 /* Frameworks */ = {
			isa = PBXFrameworksBuildPhase;
			buildActionMask = 2147483647;
			files = (
				7C7DEF09C72C23A69D9288A1 /* Pods_OCHITSUKI.framework in Frameworks */,
			);
			runOnlyForDeploymentPostprocessing = 0;
		};
/* End PBXFrameworksBuildPhase section */

/* Begin PBXGroup section */
		392E5BD05B95560929AC1123 /* Frameworks */ = {
			isa = PBXGroup;
			children = (
				A3CDA91A3A96DEF03F5B397A /* Pods_OCHITSUKI.framework */,
				229AEA2376993CFD90878591 /* Pods_OCHITSUKITests.framework */,
			);
			name = Frameworks;
			sourceTree = "<group>";
		};
		DF7394F3756FC49D571C7CD6 /* Pods */ = {
			isa = PBXGroup;
			children = (
				E60057BED9F4E13965EF8C01 /* Pods-OCHITSUKI.debug.xcconfig */,
				81CE61280EE58E85AD292842 /* Pods-OCHITSUKI.release.xcconfig */,
				A6C5329B1DB6CB3C8680236F /* Pods-OCHITSUKITests.debug.xcconfig */,
				51D0EBB19E3980CB7701C3CA /* Pods-OCHITSUKITests.release.xcconfig */,
			);
			path = Pods;
			sourceTree = "<group>";
		};
		E406D12A2C39196300733406 /* Screen */ = {
			isa = PBXGroup;
			children = (
				E406D1582C3ACBCF00733406 /* MainView.swift */,
				E406D1402C39733B00733406 /* Add */,
				E406D12B2C3928D800733406 /* Calendar */,
				E406D1442C3973F300733406 /* Common */,
				E406D13F2C396DE000733406 /* Home */,
				E406D1412C39734100733406 /* List */,
				E406D1532C3A480400733406 /* Setting */,
			);
			path = Screen;
			sourceTree = "<group>";
		};
		E406D12B2C3928D800733406 /* Calendar */ = {
			isa = PBXGroup;
			children = (
				E406D12C2C3928EE00733406 /* CalendarView.swift */,
				E406D13B2C3963C200733406 /* CalendarViewModel.swift */,
			);
			path = Calendar;
			sourceTree = "<group>";
		};
		E406D13F2C396DE000733406 /* Home */ = {
			isa = PBXGroup;
			children = (
				E406D13D2C396DDA00733406 /* HomeView.swift */,
				E406D1562C3A488200733406 /* AppViewModel.swift */,
			);
			path = Home;
			sourceTree = "<group>";
		};
		E406D1402C39733B00733406 /* Add */ = {
			isa = PBXGroup;
			children = (
				E406D1472C39869900733406 /* AddView.swift */,
			);
			path = Add;
			sourceTree = "<group>";
		};
		E406D1412C39734100733406 /* List */ = {
			isa = PBXGroup;
			children = (
				E406D1422C39739500733406 /* ListView.swift */,
				E406D1492C39871500733406 /* ListViewModel.swift */,
			);
			path = List;
			sourceTree = "<group>";
		};
		E406D1442C3973F300733406 /* Common */ = {
			isa = PBXGroup;
			children = (
				E406D1452C39740500733406 /* AdBannerView.swift */,
				E406D14B2C3A08D700733406 /* ModelContext.swift */,
				E406D14D2C3A09B000733406 /* SalesRecord.swift */,
				E406D14F2C3A0B7100733406 /* CategoryColor.swift */,
				E406D1512C3A0C2C00733406 /* SalesStatus.swift */,
				E41F621B2C45775900EA93AB /* NumberCommasExtension.swift */,
			);
			path = Common;
			sourceTree = "<group>";
		};
		E406D1532C3A480400733406 /* Setting */ = {
			isa = PBXGroup;
			children = (
				E406D1542C3A481B00733406 /* SettingView.swift */,
			);
			path = Setting;
			sourceTree = "<group>";
		};
		E4737AD3252446E50019F202 = {
			isa = PBXGroup;
			children = (
				E4737ADE252446E50019F202 /* OCHITSUKI */,
				E4737ADD252446E50019F202 /* Products */,
				DF7394F3756FC49D571C7CD6 /* Pods */,
				392E5BD05B95560929AC1123 /* Frameworks */,
			);
			sourceTree = "<group>";
		};
		E4737ADD252446E50019F202 /* Products */ = {
			isa = PBXGroup;
			children = (
				E4737ADC252446E50019F202 /* OCHITSUKI.app */,
			);
			name = Products;
			sourceTree = "<group>";
		};
		E4737ADE252446E50019F202 /* OCHITSUKI */ = {
			isa = PBXGroup;
			children = (
				E46204842A8E6E7C004CA358 /* GoogleService-Info.plist */,
				E406D12A2C39196300733406 /* Screen */,
				E4E66DBF2525A351001862A6 /* Model */,
				E48BB096274F9D53001A30A9 /* Common */,
				E4737AEB252446EA0019F202 /* Assets.xcassets */,
				E4737AF0252446EA0019F202 /* Info.plist */,
				E41F62272C4D5E0200EA93AB /* InfoPlist.xcstrings */,
				E41F62292C4D60ED00EA93AB /* Localizable.xcstrings */,
			);
			path = OCHITSUKI;
			sourceTree = "<group>";
		};
		E48BB096274F9D53001A30A9 /* Common */ = {
			isa = PBXGroup;
			children = (
				E48BB099274FA3AE001A30A9 /* SettingConst.swift */,
				E4FF23612750F9E1001E3243 /* UIViewContorllerExtension.swift */,
				E4FF23632750FDE7001E3243 /* BaseViewController.swift */,
				E4FF236527510606001E3243 /* InfoAlertView.swift */,
				E4FF23672751067F001E3243 /* UIAlertControllerExtension.swift.swift */,
			);
			path = Common;
			sourceTree = "<group>";
		};
		E4E66DBF2525A351001862A6 /* Model */ = {
			isa = PBXGroup;
			children = (
				E4E66DBD2525A34C001862A6 /* ProjectDataModel.swift */,
				E4E66DC12525A5D2001862A6 /* DataRecordModel.swift */,
				E49C3273274A4B7100A04FB3 /* OchitsukiDataModel.swift */,
				E420FC46275B4F88003B3A76 /* OchitsukiDataManager.swift */,
			);
			path = Model;
			sourceTree = "<group>";
		};
/* End PBXGroup section */

/* Begin PBXNativeTarget section */
		E4737ADB252446E50019F202 /* OCHITSUKI */ = {
			isa = PBXNativeTarget;
			buildConfigurationList = E4737AF3252446EA0019F202 /* Build configuration list for PBXNativeTarget "OCHITSUKI" */;
			buildPhases = (
				2EBD4E9E27B063D1721A70D2 /* [CP] Check Pods Manifest.lock */,
				E4737AD8252446E50019F202 /* Sources */,
				E4737AD9252446E50019F202 /* Frameworks */,
				E4737ADA252446E50019F202 /* Resources */,
				D5929FB6D38E14241BF26E56 /* [CP] Embed Pods Frameworks */,
			);
			buildRules = (
			);
			dependencies = (
			);
			name = OCHITSUKI;
			packageProductDependencies = (
			);
			productName = OCHITSUKI;
			productReference = E4737ADC252446E50019F202 /* OCHITSUKI.app */;
			productType = "com.apple.product-type.application";
		};
/* End PBXNativeTarget section */

/* Begin PBXProject section */
		E4737AD4252446E50019F202 /* Project object */ = {
			isa = PBXProject;
			attributes = {
				BuildIndependentTargetsInParallel = YES;
				LastSwiftUpdateCheck = 1240;
				LastUpgradeCheck = 1430;
				ORGANIZATIONNAME = Yoshitaka;
				TargetAttributes = {
					E4737ADB252446E50019F202 = {
						CreatedOnToolsVersion = 11.6;
					};
				};
			};
			buildConfigurationList = E4737AD7252446E50019F202 /* Build configuration list for PBXProject "OCHITSUKI" */;
			compatibilityVersion = "Xcode 9.3";
			developmentRegion = en;
			hasScannedForEncodings = 0;
			knownRegions = (
				en,
				ja,
			);
			mainGroup = E4737AD3252446E50019F202;
			packageReferences = (
			);
			productRefGroup = E4737ADD252446E50019F202 /* Products */;
			projectDirPath = "";
			projectRoot = "";
			targets = (
				E4737ADB252446E50019F202 /* OCHITSUKI */,
			);
		};
/* End PBXProject section */

/* Begin PBXResourcesBuildPhase section */
		E4737ADA252446E50019F202 /* Resources */ = {
			isa = PBXResourcesBuildPhase;
			buildActionMask = 2147483647;
			files = (
				E4737AEC252446EA0019F202 /* Assets.xcassets in Resources */,
				E41F62282C4D5E0200EA93AB /* InfoPlist.xcstrings in Resources */,
				E41F622A2C4D60ED00EA93AB /* Localizable.xcstrings in Resources */,
				E46204852A8E6E7C004CA358 /* GoogleService-Info.plist in Resources */,
			);
			runOnlyForDeploymentPostprocessing = 0;
		};
/* End PBXResourcesBuildPhase section */

/* Begin PBXShellScriptBuildPhase section */
		2EBD4E9E27B063D1721A70D2 /* [CP] Check Pods Manifest.lock */ = {
			isa = PBXShellScriptBuildPhase;
			buildActionMask = 2147483647;
			files = (
			);
			inputFileListPaths = (
			);
			inputPaths = (
				"${PODS_PODFILE_DIR_PATH}/Podfile.lock",
				"${PODS_ROOT}/Manifest.lock",
			);
			name = "[CP] Check Pods Manifest.lock";
			outputFileListPaths = (
			);
			outputPaths = (
				"$(DERIVED_FILE_DIR)/Pods-OCHITSUKI-checkManifestLockResult.txt",
			);
			runOnlyForDeploymentPostprocessing = 0;
			shellPath = /bin/sh;
			shellScript = "diff \"${PODS_PODFILE_DIR_PATH}/Podfile.lock\" \"${PODS_ROOT}/Manifest.lock\" > /dev/null\nif [ $? != 0 ] ; then\n    # print error to STDERR\n    echo \"error: The sandbox is not in sync with the Podfile.lock. Run 'pod install' or update your CocoaPods installation.\" >&2\n    exit 1\nfi\n# This output is used by Xcode 'outputs' to avoid re-running this script phase.\necho \"SUCCESS\" > \"${SCRIPT_OUTPUT_FILE_0}\"\n";
			showEnvVarsInLog = 0;
		};
		D5929FB6D38E14241BF26E56 /* [CP] Embed Pods Frameworks */ = {
			isa = PBXShellScriptBuildPhase;
			buildActionMask = 2147483647;
			files = (
			);
			inputFileListPaths = (
				"${PODS_ROOT}/Target Support Files/Pods-OCHITSUKI/Pods-OCHITSUKI-frameworks-${CONFIGURATION}-input-files.xcfilelist",
			);
			name = "[CP] Embed Pods Frameworks";
			outputFileListPaths = (
				"${PODS_ROOT}/Target Support Files/Pods-OCHITSUKI/Pods-OCHITSUKI-frameworks-${CONFIGURATION}-output-files.xcfilelist",
			);
			runOnlyForDeploymentPostprocessing = 0;
			shellPath = /bin/sh;
			shellScript = "\"${PODS_ROOT}/Target Support Files/Pods-OCHITSUKI/Pods-OCHITSUKI-frameworks.sh\"\n";
			showEnvVarsInLog = 0;
		};
/* End PBXShellScriptBuildPhase section */

/* Begin PBXSourcesBuildPhase section */
		E4737AD8252446E50019F202 /* Sources */ = {
			isa = PBXSourcesBuildPhase;
			buildActionMask = 2147483647;
			files = (
				E406D13E2C396DDA00733406 /* HomeView.swift in Sources */,
				E4FF23622750F9E1001E3243 /* UIViewContorllerExtension.swift in Sources */,
				E406D1482C39869900733406 /* AddView.swift in Sources */,
				E406D14C2C3A08D700733406 /* ModelContext.swift in Sources */,
				E406D1592C3ACBCF00733406 /* MainView.swift in Sources */,
				E49C3274274A4B7100A04FB3 /* OchitsukiDataModel.swift in Sources */,
				E406D14E2C3A09B000733406 /* SalesRecord.swift in Sources */,
				E406D12D2C3928EE00733406 /* CalendarView.swift in Sources */,
				E420FC47275B4F88003B3A76 /* OchitsukiDataManager.swift in Sources */,
				E406D1502C3A0B7100733406 /* CategoryColor.swift in Sources */,
				E4FF23642750FDE7001E3243 /* BaseViewController.swift in Sources */,
				E48BB09A274FA3AE001A30A9 /* SettingConst.swift in Sources */,
				E41F621C2C45775900EA93AB /* NumberCommasExtension.swift in Sources */,
				E4FF236627510606001E3243 /* InfoAlertView.swift in Sources */,
				E4E66DC22525A5D2001862A6 /* DataRecordModel.swift in Sources */,
				E406D1552C3A481B00733406 /* SettingView.swift in Sources */,
				E406D13C2C3963C200733406 /* CalendarViewModel.swift in Sources */,
				E4FF23682751067F001E3243 /* UIAlertControllerExtension.swift.swift in Sources */,
				E406D1432C39739500733406 /* ListView.swift in Sources */,
				E406D1572C3A488200733406 /* AppViewModel.swift in Sources */,
				E406D1462C39740500733406 /* AdBannerView.swift in Sources */,
				E4E66DBE2525A34C001862A6 /* ProjectDataModel.swift in Sources */,
				E406D1522C3A0C2C00733406 /* SalesStatus.swift in Sources */,
				E406D14A2C39871500733406 /* ListViewModel.swift in Sources */,
			);
			runOnlyForDeploymentPostprocessing = 0;
		};
/* End PBXSourcesBuildPhase section */

/* Begin XCBuildConfiguration section */
		E4737AF1252446EA0019F202 /* Debug */ = {
			isa = XCBuildConfiguration;
			buildSettings = {
				ADMOB_APP_ID = "ca-app-pub-3940256099942544~1458002511";
				ADMOB_SETTING_VIEW_BANNER_AD_UNIT_ID = "ca-app-pub-3940256099942544/2934735716";
				ALWAYS_SEARCH_USER_PATHS = NO;
				CLANG_ANALYZER_NONNULL = YES;
				CLANG_ANALYZER_NUMBER_OBJECT_CONVERSION = YES_AGGRESSIVE;
				CLANG_CXX_LANGUAGE_STANDARD = "gnu++14";
				CLANG_CXX_LIBRARY = "libc++";
				CLANG_ENABLE_MODULES = YES;
				CLANG_ENABLE_OBJC_ARC = YES;
				CLANG_ENABLE_OBJC_WEAK = YES;
				CLANG_WARN_BLOCK_CAPTURE_AUTORELEASING = YES;
				CLANG_WARN_BOOL_CONVERSION = YES;
				CLANG_WARN_COMMA = YES;
				CLANG_WARN_CONSTANT_CONVERSION = YES;
				CLANG_WARN_DEPRECATED_OBJC_IMPLEMENTATIONS = YES;
				CLANG_WARN_DIRECT_OBJC_ISA_USAGE = YES_ERROR;
				CLANG_WARN_DOCUMENTATION_COMMENTS = YES;
				CLANG_WARN_EMPTY_BODY = YES;
				CLANG_WARN_ENUM_CONVERSION = YES;
				CLANG_WARN_INFINITE_RECURSION = YES;
				CLANG_WARN_INT_CONVERSION = YES;
				CLANG_WARN_NON_LITERAL_NULL_CONVERSION = YES;
				CLANG_WARN_OBJC_IMPLICIT_RETAIN_SELF = YES;
				CLANG_WARN_OBJC_LITERAL_CONVERSION = YES;
				CLANG_WARN_OBJC_ROOT_CLASS = YES_ERROR;
				CLANG_WARN_QUOTED_INCLUDE_IN_FRAMEWORK_HEADER = YES;
				CLANG_WARN_RANGE_LOOP_ANALYSIS = YES;
				CLANG_WARN_STRICT_PROTOTYPES = YES;
				CLANG_WARN_SUSPICIOUS_MOVE = YES;
				CLANG_WARN_UNGUARDED_AVAILABILITY = YES_AGGRESSIVE;
				CLANG_WARN_UNREACHABLE_CODE = YES;
				CLANG_WARN__DUPLICATE_METHOD_MATCH = YES;
				COPY_PHASE_STRIP = NO;
				DEBUG_INFORMATION_FORMAT = dwarf;
				ENABLE_STRICT_OBJC_MSGSEND = YES;
				ENABLE_TESTABILITY = YES;
				GCC_C_LANGUAGE_STANDARD = gnu11;
				GCC_DYNAMIC_NO_PIC = NO;
				GCC_NO_COMMON_BLOCKS = YES;
				GCC_OPTIMIZATION_LEVEL = 0;
				GCC_PREPROCESSOR_DEFINITIONS = (
					"DEBUG=1",
					"$(inherited)",
				);
				GCC_WARN_64_TO_32_BIT_CONVERSION = YES;
				GCC_WARN_ABOUT_RETURN_TYPE = YES_ERROR;
				GCC_WARN_UNDECLARED_SELECTOR = YES;
				GCC_WARN_UNINITIALIZED_AUTOS = YES_AGGRESSIVE;
				GCC_WARN_UNUSED_FUNCTION = YES;
				GCC_WARN_UNUSED_VARIABLE = YES;
				INFOPLIST_KEY_UIApplicationSceneManifest_Generation = NO;
				IPHONEOS_DEPLOYMENT_TARGET = 17.0;
				LOCALIZATION_PREFERS_STRING_CATALOGS = YES;
				MTL_ENABLE_DEBUG_INFO = INCLUDE_SOURCE;
				MTL_FAST_MATH = YES;
				ONLY_ACTIVE_ARCH = YES;
				SDKROOT = iphoneos;
				SWIFT_ACTIVE_COMPILATION_CONDITIONS = DEBUG;
				SWIFT_OPTIMIZATION_LEVEL = "-Onone";
			};
			name = Debug;
		};
		E4737AF2252446EA0019F202 /* Release */ = {
			isa = XCBuildConfiguration;
			buildSettings = {
				ADMOB_APP_ID = "ca-app-pub-6986608048344146~7268820584";
				ADMOB_SETTING_VIEW_BANNER_AD_UNIT_ID = "ca-app-pub-6986608048344146/8128259072";
				ALWAYS_SEARCH_USER_PATHS = NO;
				CLANG_ANALYZER_NONNULL = YES;
				CLANG_ANALYZER_NUMBER_OBJECT_CONVERSION = YES_AGGRESSIVE;
				CLANG_CXX_LANGUAGE_STANDARD = "gnu++14";
				CLANG_CXX_LIBRARY = "libc++";
				CLANG_ENABLE_MODULES = YES;
				CLANG_ENABLE_OBJC_ARC = YES;
				CLANG_ENABLE_OBJC_WEAK = YES;
				CLANG_WARN_BLOCK_CAPTURE_AUTORELEASING = YES;
				CLANG_WARN_BOOL_CONVERSION = YES;
				CLANG_WARN_COMMA = YES;
				CLANG_WARN_CONSTANT_CONVERSION = YES;
				CLANG_WARN_DEPRECATED_OBJC_IMPLEMENTATIONS = YES;
				CLANG_WARN_DIRECT_OBJC_ISA_USAGE = YES_ERROR;
				CLANG_WARN_DOCUMENTATION_COMMENTS = YES;
				CLANG_WARN_EMPTY_BODY = YES;
				CLANG_WARN_ENUM_CONVERSION = YES;
				CLANG_WARN_INFINITE_RECURSION = YES;
				CLANG_WARN_INT_CONVERSION = YES;
				CLANG_WARN_NON_LITERAL_NULL_CONVERSION = YES;
				CLANG_WARN_OBJC_IMPLICIT_RETAIN_SELF = YES;
				CLANG_WARN_OBJC_LITERAL_CONVERSION = YES;
				CLANG_WARN_OBJC_ROOT_CLASS = YES_ERROR;
				CLANG_WARN_QUOTED_INCLUDE_IN_FRAMEWORK_HEADER = YES;
				CLANG_WARN_RANGE_LOOP_ANALYSIS = YES;
				CLANG_WARN_STRICT_PROTOTYPES = YES;
				CLANG_WARN_SUSPICIOUS_MOVE = YES;
				CLANG_WARN_UNGUARDED_AVAILABILITY = YES_AGGRESSIVE;
				CLANG_WARN_UNREACHABLE_CODE = YES;
				CLANG_WARN__DUPLICATE_METHOD_MATCH = YES;
				COPY_PHASE_STRIP = NO;
				DEBUG_INFORMATION_FORMAT = "dwarf-with-dsym";
				ENABLE_NS_ASSERTIONS = NO;
				ENABLE_STRICT_OBJC_MSGSEND = YES;
				GCC_C_LANGUAGE_STANDARD = gnu11;
				GCC_NO_COMMON_BLOCKS = YES;
				GCC_WARN_64_TO_32_BIT_CONVERSION = YES;
				GCC_WARN_ABOUT_RETURN_TYPE = YES_ERROR;
				GCC_WARN_UNDECLARED_SELECTOR = YES;
				GCC_WARN_UNINITIALIZED_AUTOS = YES_AGGRESSIVE;
				GCC_WARN_UNUSED_FUNCTION = YES;
				GCC_WARN_UNUSED_VARIABLE = YES;
				INFOPLIST_KEY_UIApplicationSceneManifest_Generation = NO;
				IPHONEOS_DEPLOYMENT_TARGET = 17.0;
				LOCALIZATION_PREFERS_STRING_CATALOGS = YES;
				MTL_ENABLE_DEBUG_INFO = NO;
				MTL_FAST_MATH = YES;
				SDKROOT = iphoneos;
				SWIFT_COMPILATION_MODE = wholemodule;
				SWIFT_OPTIMIZATION_LEVEL = "-O";
				VALIDATE_PRODUCT = YES;
			};
			name = Release;
		};
		E4737AF4252446EA0019F202 /* Debug */ = {
			isa = XCBuildConfiguration;
			baseConfigurationReference = E60057BED9F4E13965EF8C01 /* Pods-OCHITSUKI.debug.xcconfig */;
			buildSettings = {
				ASSETCATALOG_COMPILER_APPICON_NAME = AppIcon;
				CODE_SIGN_STYLE = Automatic;
				CURRENT_PROJECT_VERSION = 16;
				DEVELOPMENT_TEAM = VKV3Y2GW5Q;
				INFOPLIST_FILE = OCHITSUKI/Info.plist;
				INFOPLIST_KEY_CFBundleDisplayName = "Sales Ease";
				IPHONEOS_DEPLOYMENT_TARGET = 17.0;
				LD_RUNPATH_SEARCH_PATHS = (
					"$(inherited)",
					"@executable_path/Frameworks",
				);
				MARKETING_VERSION = 3.1.0;
				PRODUCT_BUNDLE_IDENTIFIER = com.yoshitaka.OCHITSUKI;
				PRODUCT_NAME = "$(TARGET_NAME)";
				SUPPORTED_PLATFORMS = "iphoneos iphonesimulator";
				SUPPORTS_MACCATALYST = NO;
				SUPPORTS_XR_DESIGNED_FOR_IPHONE_IPAD = NO;
				SWIFT_EMIT_LOC_STRINGS = YES;
				SWIFT_VERSION = 5.0;
				TARGETED_DEVICE_FAMILY = "1,2";
			};
			name = Debug;
		};
		E4737AF5252446EA0019F202 /* Release */ = {
			isa = XCBuildConfiguration;
			baseConfigurationReference = 81CE61280EE58E85AD292842 /* Pods-OCHITSUKI.release.xcconfig */;
			buildSettings = {
				ASSETCATALOG_COMPILER_APPICON_NAME = AppIcon;
				CODE_SIGN_STYLE = Automatic;
				CURRENT_PROJECT_VERSION = 16;
				DEVELOPMENT_TEAM = VKV3Y2GW5Q;
				INFOPLIST_FILE = OCHITSUKI/Info.plist;
				INFOPLIST_KEY_CFBundleDisplayName = "Sales Ease";
				IPHONEOS_DEPLOYMENT_TARGET = 17.0;
				LD_RUNPATH_SEARCH_PATHS = (
					"$(inherited)",
					"@executable_path/Frameworks",
				);
				MARKETING_VERSION = 3.1.0;
				PRODUCT_BUNDLE_IDENTIFIER = com.yoshitaka.OCHITSUKI;
				PRODUCT_NAME = "$(TARGET_NAME)";
				SUPPORTED_PLATFORMS = "iphoneos iphonesimulator";
				SUPPORTS_MACCATALYST = NO;
				SUPPORTS_XR_DESIGNED_FOR_IPHONE_IPAD = NO;
				SWIFT_EMIT_LOC_STRINGS = YES;
				SWIFT_VERSION = 5.0;
				TARGETED_DEVICE_FAMILY = "1,2";
			};
			name = Release;
		};
/* End XCBuildConfiguration section */

/* Begin XCConfigurationList section */
		E4737AD7252446E50019F202 /* Build configuration list for PBXProject "OCHITSUKI" */ = {
			isa = XCConfigurationList;
			buildConfigurations = (
				E4737AF1252446EA0019F202 /* Debug */,
				E4737AF2252446EA0019F202 /* Release */,
			);
			defaultConfigurationIsVisible = 0;
			defaultConfigurationName = Release;
		};
		E4737AF3252446EA0019F202 /* Build configuration list for PBXNativeTarget "OCHITSUKI" */ = {
			isa = XCConfigurationList;
			buildConfigurations = (
				E4737AF4252446EA0019F202 /* Debug */,
				E4737AF5252446EA0019F202 /* Release */,
			);
			defaultConfigurationIsVisible = 0;
			defaultConfigurationName = Release;
		};
/* End XCConfigurationList section */
	};
	rootObject = E4737AD4252446E50019F202 /* Project object */;
}
